version = 1
revision = 3
requires-python = ">=3.12"

[[package]]
name = "capstone"
version = "5.0.9"
source = { registry = "https://pypi.org/simple" }
sdist = { url = "https://files.pythonhosted.org/packages/39/01/6516910f546fbb996068207b9dd0229b14bc8dae223114d5e0e27d3cad11/capstone-5.0.9.tar.gz", hash = "sha256:0429af292ddc604d3c9344696807e281d5e728db029f00e6a4ea9e3bff1aac9e", size = 2947300, upload-time = "2026-05-28T16:05:57.968Z" }
wheels = [
    { url = "https://files.pythonhosted.org/packages/da/f3/43f4dbfc36c7740d512621a9d42b276ac21bb6ca7cb974d4c8a19060d387/capstone-5.0.9-py3-none-macosx_10_9_universal2.whl", hash = "sha256:58a874d9a6cb15122135b1385a782e5b54c8a4d9396161b6498465046d2e0442", size = 2195391, upload-time = "2026-05-28T16:05:45.515Z" },
    { url = "https://files.pythonhosted.org/packages/70/74/d00de02c62ce864c6b43796c524516ea064e3e6fc1327d452f78270e8323/capstone-5.0.9-py3-none-macosx_10_9_x86_64.whl", hash = "sha256:8c4a1d7134d7d5290e5d77066500385f2c7a4bf66835ccbfde5180042d508b3c", size = 1190392, upload-time = "2026-05-28T16:05:46.953Z" },
    { url = "https://files.pythonhosted.org/packages/42/9a/4eecfbc94961cda70301fd13de69042be1943bee456e37bc1369840601b1/capstone-5.0.9-py3-none-macosx_11_0_arm64.whl", hash = "sha256:fc269c5082e17d7f9f265cd6980e2fdc6ab572df913951d76db0357e06b8001d", size = 1202361, upload-time = "2026-05-28T16:05:48.1Z" },
    { url = "https://files.pythonhosted.org/packages/45/d9/dbeadb9fcd461e608ce79b1cb647fed6baa812fa6e1c68b0ba5ef81291af/capstone-5.0.9-py3-none-manylinux_2_17_aarch64.manylinux2014_aarch64.whl", hash = "sha256:41772ad0c71aa5d3e97d541e802593c2e71fb94ac7e20d4202f97ce2a3eb8ed5", size = 1461016, upload-time = "2026-05-28T16:05:49.554Z" },
    { url = "https://files.pythonhosted.org/packages/d1/39/17747862222bb062e86b501f1f148d5ff589b77908b080d30f7f085cbfb7/capstone-5.0.9-py3-none-manylinux_2_17_x86_64.manylinux2014_x86_64.whl", hash = "sha256:273fd8d747d2e35c88f91450be51a603ecfaafb00d96d9f315dcb8689c86193e", size = 1485316, upload-time = "2026-05-28T16:05:50.721Z" },
    { url = "https://files.pythonhosted.org/packages/12/56/9a694f60f5b26612039d975c1c84d2ad8fd0ad839b0b1058dbe68dd32b0b/capstone-5.0.9-py3-none-manylinux_2_5_i686.manylinux1_i686.manylinux_2_17_i686.manylinux2014_i686.whl", hash = "sha256:1f5871b57e987d5bf23b531fbe868211b74ad750fa9b830a3d3cdc4956bc0ae3", size = 1483221, upload-time = "2026-05-28T16:05:51.925Z" },
    { url = "https://files.pythonhosted.org/packages/b9/74/c178ac241892bb3668b633065bdbe6dc719c2aa54668d68a8e23a6753525/capstone-5.0.9-py3-none-musllinux_1_2_aarch64.whl", hash = "sha256:69064219c814ad64af35469a7c4ddd19b730cacb96a1a796435ccde0e1567d05", size = 1459140, upload-time = "2026-05-28T16:05:53.182Z" },
    { url = "https://files.pythonhosted.org/packages/7b/f3/3865a0371603994f8bf521595b3072080bfe1b715f8bd080988d026dd2a1/capstone-5.0.9-py3-none-musllinux_1_2_i686.whl", hash = "sha256:0cc3b1ec319ab0530efc6b181491b77dd3373c81b6dbcf2f05a80e3d8dd61d5e", size = 1488205, upload-time = "2026-05-28T16:05:54.31Z" },
    { url = "https://files.pythonhosted.org/packages/09/a1/39a575aa27a35b43b0ad93065a1803dba39038060eccfb29031d82e3fb2c/capstone-5.0.9-py3-none-musllinux_1_2_x86_64.whl", hash = "sha256:cfec34e6e01472fe60850c87c5bea9918c274fa2a605b510e6489bf87c0c9960", size = 1488865, upload-time = "2026-05-28T16:05:55.603Z" },
    { url = "https://files.pythonhosted.org/packages/50/e6/6f06fdb6a9ed32b2f7cd9c036b92d5324112c3ef7080f2c71efc367d40dd/capstone-5.0.9-py3-none-win_amd64.whl", hash = "sha256:732cedbbb56d42e723f14d7af6387f1454194a820b4b96b56d1e53f865ef85d0", size = 1273459, upload-time = "2026-05-28T16:05:56.73Z" },
]

[[package]]
name = "colorama"
version = "0.4.6"
source = { registry = "https://pypi.org/simple" }
sdist = { url = "https://files.pythonhosted.org/packages/d8/53/6f443c9a4a8358a93a6792e2acffb9d9d5cb0a5cfd8802644b7b1c9a02e4/colorama-0.4.6.tar.gz", hash = "sha256:08695f5cb7ed6e0531a20572697297273c47b8cae5a63ffc6d6ed5c201be6e44", size = 27697, upload-time = "2022-10-25T02:36:22.414Z" }
wheels = [
    { url = "https://files.pythonhosted.org/packages/d1/d6/3965ed04c63042e047cb6a3e6ed1a63a35087b6a609aa3a15ed8ac56c221/colorama-0.4.6-py2.py3-none-any.whl", hash = "sha256:4f1d9991f5acc0ca119f9d443620b77f9d6b33703e51011c16baf57afb285fc6", size = 25335, upload-time = "2022-10-25T02:36:20.889Z" },
]

[[package]]
name = "keystone-engine"
version = "0.9.2"
source = { registry = "https://pypi.org/simple" }
sdist = { url = "https://files.pythonhosted.org/packages/0a/65/3a2e7e55cc1db188869bbbacee60036828330e0ce57fc5f05a3167ab4b4d/keystone-engine-0.9.2.tar.gz", hash = "sha256:2f7af62dab0ce6c2732dbb4f31cfa2184a8a149e280b96b92ebc0db84c6e50f5", size = 2813059, upload-time = "2020-06-21T14:13:59.951Z" }
wheels = [
    { url = "https://files.pythonhosted.org/packages/1c/ad/a609493a534049cae43660689b2c5908117746e238f12dc76619d68a223a/keystone_engine-0.9.2-py2.py3-none-macosx_10_14_x86_64.whl", hash = "sha256:dafcc3d9450c239cbc54148855b79c4b387777099c6d054005c835768cf955f2", size = 2950758, upload-time = "2020-06-21T14:13:53.225Z" },
    { url = "https://files.pythonhosted.org/packages/0b/cf/b8eb6956565e91a9a003b1c612765cfe007a1d0b1c6e667dc569ea519f51/keystone_engine-0.9.2-py2.py3-none-manylinux1_i686.whl", hash = "sha256:9e04dea5a2b50509b7b707abdb395de42772c40faa36131ea94482fba8dd5d9f", size = 1785427, upload-time = "2020-06-21T14:13:54.624Z" },
    { url = "https://files.pythonhosted.org/packages/01/5c/40ffbec589262f49ff7c463d96ff0bfab0fbd98d9d869c370a70853a13fb/keystone_engine-0.9.2-py2.py3-none-manylinux1_x86_64.whl", hash = "sha256:5a5316a34323620b1bba31dcfe9e4b4ca6f0c030e82fc7a151da7c8fbe81a379", size = 1766182, upload-time = "2020-06-21T14:13:55.817Z" },
    { url = "https://files.pythonhosted.org/packages/88/b9/a9d8b6837346b86bcdda56e5c3fe4ac51f98f4ed40bf71fb6bd8605516da/keystone_engine-0.9.2-py2.py3-none-win32.whl", hash = "sha256:9f81e480904a405ef008f1d9f0e4a05e37d2bd83c5218a27136e1a294b02c1f6", size = 1318239, upload-time = "2020-06-21T14:13:57.122Z" },
    { url = "https://files.pythonhosted.org/packages/a4/8d/58471cb026de45397b29ba4b37ae3e20b434fae14c4b92fd3e9771a7bac8/keystone_engine-0.9.2-py2.py3-none-win_amd64.whl", hash = "sha256:c91db1ff16d9d094e00d1827107d1b4afd5e63ce19b491a0140e660635000e8b", size = 1370823, upload-time = "2020-06-21T14:13:58.476Z" },
]

[[package]]
name = "mfusepy"
version = "3.1.1"
source = { registry = "https://pypi.org/simple" }
sdist = { url = "https://files.pythonhosted.org/packages/91/47/746287c8962274f73ee25edb3840d80899464bfffbe2c435424c2d60a071/mfusepy-3.1.1.tar.gz", hash = "sha256:338ece54513d7d1a5e9492837679a0c7432ecf96a03490a2683a1ce1d19570e1", size = 34549, upload-time = "2026-03-13T00:36:52.636Z" }
wheels = [
    { url = "https://files.pythonhosted.org/packages/c5/d5/56bc9326bf75f7ea0f4fe1178f5c9f20d1a1e15e288ecf66088513538ccd/mfusepy-3.1.1-py3-none-any.whl", hash = "sha256:69fb70cfc7f7cce595e6ff586f8451d8298f01f18286a157f24f564b24ec5a37", size = 28264, upload-time = "2026-03-13T00:36:51.843Z" },
]

[[package]]
name = "mtkclient"
version = "2.1.4"
source = { git = "https://github.com/bkerler/mtkclient?rev=cd25cf9c1ff6d36e82697ac2c798e69e9cfb78c3#cd25cf9c1ff6d36e82697ac2c798e69e9cfb78c3" }
dependencies = [
    { name = "colorama" },
    { name = "mfusepy" },
    { name = "pycryptodome" },
    { name = "pycryptodomex" },
    { name = "pyserial" },
    { name = "pyside6" },
    { name = "pyusb" },
    { name = "shiboken6" },
]

[[package]]
name = "pycryptodome"
version = "3.23.0"
source = { registry = "https://pypi.org/simple" }
sdist = { url = "https://files.pythonhosted.org/packages/8e/a6/8452177684d5e906854776276ddd34eca30d1b1e15aa1ee9cefc289a33f5/pycryptodome-3.23.0.tar.gz", hash = "sha256:447700a657182d60338bab09fdb27518f8856aecd80ae4c6bdddb67ff5da44ef", size = 4921276, upload-time = "2025-05-17T17:21:45.242Z" }
wheels = [
    { url = "https://files.pythonhosted.org/packages/04/5d/bdb09489b63cd34a976cc9e2a8d938114f7a53a74d3dd4f125ffa49dce82/pycryptodome-3.23.0-cp313-cp313t-macosx_10_13_universal2.whl", hash = "sha256:0011f7f00cdb74879142011f95133274741778abba114ceca229adbf8e62c3e4", size = 2495152, upload-time = "2025-05-17T17:20:20.833Z" },
    { url = "https://files.pythonhosted.org/packages/a7/ce/7840250ed4cc0039c433cd41715536f926d6e86ce84e904068eb3244b6a6/pycryptodome-3.23.0-cp313-cp313t-macosx_10_13_x86_64.whl", hash = "sha256:90460fc9e088ce095f9ee8356722d4f10f86e5be06e2354230a9880b9c549aae", size = 1639348, upload-time = "2025-05-17T17:20:23.171Z" },
    { url = "https://files.pythonhosted.org/packages/ee/f0/991da24c55c1f688d6a3b5a11940567353f74590734ee4a64294834ae472/pycryptodome-3.23.0-cp313-cp313t-manylinux_2_17_aarch64.manylinux2014_aarch64.whl", hash = "sha256:4764e64b269fc83b00f682c47443c2e6e85b18273712b98aa43bcb77f8570477", size = 2184033, upload-time = "2025-05-17T17:20:25.424Z" },
    { url = "https://files.pythonhosted.org/packages/54/16/0e11882deddf00f68b68dd4e8e442ddc30641f31afeb2bc25588124ac8de/pycryptodome-3.23.0-cp313-cp313t-manylinux_2_17_x86_64.manylinux2014_x86_64.whl", hash = "sha256:eb8f24adb74984aa0e5d07a2368ad95276cf38051fe2dc6605cbcf482e04f2a7", size = 2270142, upload-time = "2025-05-17T17:20:27.808Z" },
    { url = "https://files.pythonhosted.org/packages/d5/fc/4347fea23a3f95ffb931f383ff28b3f7b1fe868739182cb76718c0da86a1/pycryptodome-3.23.0-cp313-cp313t-manylinux_2_5_i686.manylinux1_i686.manylinux_2_17_i686.manylinux2014_i686.whl", hash = "sha256:d97618c9c6684a97ef7637ba43bdf6663a2e2e77efe0f863cce97a76af396446", size = 2309384, upload-time = "2025-05-17T17:20:30.765Z" },
    { url = "https://files.pythonhosted.org/packages/6e/d9/c5261780b69ce66d8cfab25d2797bd6e82ba0241804694cd48be41add5eb/pycryptodome-3.23.0-cp313-cp313t-musllinux_1_2_aarch64.whl", hash = "sha256:9a53a4fe5cb075075d515797d6ce2f56772ea7e6a1e5e4b96cf78a14bac3d265", size = 2183237, upload-time = "2025-05-17T17:20:33.736Z" },
    { url = "https://files.pythonhosted.org/packages/5a/6f/3af2ffedd5cfa08c631f89452c6648c4d779e7772dfc388c77c920ca6bbf/pycryptodome-3.23.0-cp313-cp313t-musllinux_1_2_i686.whl", hash = "sha256:763d1d74f56f031788e5d307029caef067febf890cd1f8bf61183ae142f1a77b", size = 2343898, upload-time = "2025-05-17T17:20:36.086Z" },
    { url = "https://files.pythonhosted.org/packages/9a/dc/9060d807039ee5de6e2f260f72f3d70ac213993a804f5e67e0a73a56dd2f/pycryptodome-3.23.0-cp313-cp313t-musllinux_1_2_x86_64.whl", hash = "sha256:954af0e2bd7cea83ce72243b14e4fb518b18f0c1649b576d114973e2073b273d", size = 2269197, upload-time = "2025-05-17T17:20:38.414Z" },
    { url = "https://files.pythonhosted.org/packages/f9/34/e6c8ca177cb29dcc4967fef73f5de445912f93bd0343c9c33c8e5bf8cde8/pycryptodome-3.23.0-cp313-cp313t-win32.whl", hash = "sha256:257bb3572c63ad8ba40b89f6fc9d63a2a628e9f9708d31ee26560925ebe0210a", size = 1768600, upload-time = "2025-05-17T17:20:40.688Z" },
    { url = "https://files.pythonhosted.org/packages/e4/1d/89756b8d7ff623ad0160f4539da571d1f594d21ee6d68be130a6eccb39a4/pycryptodome-3.23.0-cp313-cp313t-win_amd64.whl", hash = "sha256:6501790c5b62a29fcb227bd6b62012181d886a767ce9ed03b303d1f22eb5c625", size = 1799740, upload-time = "2025-05-17T17:20:42.413Z" },
    { url = "https://files.pythonhosted.org/packages/5d/61/35a64f0feaea9fd07f0d91209e7be91726eb48c0f1bfc6720647194071e4/pycryptodome-3.23.0-cp313-cp313t-win_arm64.whl", hash = "sha256:9a77627a330ab23ca43b48b130e202582e91cc69619947840ea4d2d1be21eb39", size = 1703685, upload-time = "2025-05-17T17:20:44.388Z" },
    { url = "https://files.pythonhosted.org/packages/db/6c/a1f71542c969912bb0e106f64f60a56cc1f0fabecf9396f45accbe63fa68/pycryptodome-3.23.0-cp37-abi3-macosx_10_9_universal2.whl", hash = "sha256:187058ab80b3281b1de11c2e6842a357a1f71b42cb1e15bce373f3d238135c27", size = 2495627, upload-time = "2025-05-17T17:20:47.139Z" },
    { url = "https://files.pythonhosted.org/packages/6e/4e/a066527e079fc5002390c8acdd3aca431e6ea0a50ffd7201551175b47323/pycryptodome-3.23.0-cp37-abi3-macosx_10_9_x86_64.whl", hash = "sha256:cfb5cd445280c5b0a4e6187a7ce8de5a07b5f3f897f235caa11f1f435f182843", size = 1640362, upload-time = "2025-05-17T17:20:50.392Z" },
    { url = "https://files.pythonhosted.org/packages/50/52/adaf4c8c100a8c49d2bd058e5b551f73dfd8cb89eb4911e25a0c469b6b4e/pycryptodome-3.23.0-cp37-abi3-manylinux_2_17_aarch64.manylinux2014_aarch64.whl", hash = "sha256:67bd81fcbe34f43ad9422ee8fd4843c8e7198dd88dd3d40e6de42ee65fbe1490", size = 2182625, upload-time = "2025-05-17T17:20:52.866Z" },
    { url = "https://files.pythonhosted.org/packages/5f/e9/a09476d436d0ff1402ac3867d933c61805ec2326c6ea557aeeac3825604e/pycryptodome-3.23.0-cp37-abi3-manylinux_2_17_x86_64.manylinux2014_x86_64.whl", hash = "sha256:c8987bd3307a39bc03df5c8e0e3d8be0c4c3518b7f044b0f4c15d1aa78f52575", size = 2268954, upload-time = "2025-05-17T17:20:55.027Z" },
    { url = "https://files.pythonhosted.org/packages/f9/c5/ffe6474e0c551d54cab931918127c46d70cab8f114e0c2b5a3c071c2f484/pycryptodome-3.23.0-cp37-abi3-manylinux_2_5_i686.manylinux1_i686.manylinux_2_17_i686.manylinux2014_i686.whl", hash = "sha256:aa0698f65e5b570426fc31b8162ed4603b0c2841cbb9088e2b01641e3065915b", size = 2308534, upload-time = "2025-05-17T17:20:57.279Z" },
    { url = "https://files.pythonhosted.org/packages/18/28/e199677fc15ecf43010f2463fde4c1a53015d1fe95fb03bca2890836603a/pycryptodome-3.23.0-cp37-abi3-musllinux_1_2_aarch64.whl", hash = "sha256:53ecbafc2b55353edcebd64bf5da94a2a2cdf5090a6915bcca6eca6cc452585a", size = 2181853, upload-time = "2025-05-17T17:20:59.322Z" },
    { url = "https://files.pythonhosted.org/packages/ce/ea/4fdb09f2165ce1365c9eaefef36625583371ee514db58dc9b65d3a255c4c/pycryptodome-3.23.0-cp37-abi3-musllinux_1_2_i686.whl", hash = "sha256:156df9667ad9f2ad26255926524e1c136d6664b741547deb0a86a9acf5ea631f", size = 2342465, upload-time = "2025-05-17T17:21:03.83Z" },
    { url = "https://files.pythonhosted.org/packages/22/82/6edc3fc42fe9284aead511394bac167693fb2b0e0395b28b8bedaa07ef04/pycryptodome-3.23.0-cp37-abi3-musllinux_1_2_x86_64.whl", hash = "sha256:dea827b4d55ee390dc89b2afe5927d4308a8b538ae91d9c6f7a5090f397af1aa", size = 2267414, upload-time = "2025-05-17T17:21:06.72Z" },
    { url = "https://files.pythonhosted.org/packages/59/fe/aae679b64363eb78326c7fdc9d06ec3de18bac68be4b612fc1fe8902693c/pycryptodome-3.23.0-cp37-abi3-win32.whl", hash = "sha256:507dbead45474b62b2bbe318eb1c4c8ee641077532067fec9c1aa82c31f84886", size = 1768484, upload-time = "2025-05-17T17:21:08.535Z" },
    { url = "https://files.pythonhosted.org/packages/54/2f/e97a1b8294db0daaa87012c24a7bb714147c7ade7656973fd6c736b484ff/pycryptodome-3.23.0-cp37-abi3-win_amd64.whl", hash = "sha256:c75b52aacc6c0c260f204cbdd834f76edc9fb0d8e0da9fbf8352ef58202564e2", size = 1799636, upload-time = "2025-05-17T17:21:10.393Z" },
    { url = "https://files.pythonhosted.org/packages/18/3d/f9441a0d798bf2b1e645adc3265e55706aead1255ccdad3856dbdcffec14/pycryptodome-3.23.0-cp37-abi3-win_arm64.whl", hash = "sha256:11eeeb6917903876f134b56ba11abe95c0b0fd5e3330def218083c7d98bbcb3c", size = 1703675, upload-time = "2025-05-17T17:21:13.146Z" },
]

[[package]]
name = "pycryptodomex"
version = "3.23.0"
source = { registry = "https://pypi.org/simple" }
sdist = { url = "https://files.pythonhosted.org/packages/c9/85/e24bf90972a30b0fcd16c73009add1d7d7cd9140c2498a68252028899e41/pycryptodomex-3.23.0.tar.gz", hash = "sha256:71909758f010c82bc99b0abf4ea12012c98962fbf0583c2164f8b84533c2e4da", size = 4922157, upload-time = "2025-05-17T17:23:41.434Z" }
wheels = [
    { url = "https://files.pythonhosted.org/packages/2e/00/10edb04777069a42490a38c137099d4b17ba6e36a4e6e28bdc7470e9e853/pycryptodomex-3.23.0-cp313-cp313t-macosx_10_13_universal2.whl", hash = "sha256:7b37e08e3871efe2187bc1fd9320cc81d87caf19816c648f24443483005ff886", size = 2498764, upload-time = "2025-05-17T17:22:21.453Z" },
    { url = "https://files.pythonhosted.org/packages/6b/3f/2872a9c2d3a27eac094f9ceaa5a8a483b774ae69018040ea3240d5b11154/pycryptodomex-3.23.0-cp313-cp313t-macosx_10_13_x86_64.whl", hash = "sha256:91979028227543010d7b2ba2471cf1d1e398b3f183cb105ac584df0c36dac28d", size = 1643012, upload-time = "2025-05-17T17:22:23.702Z" },
    { url = "https://files.pythonhosted.org/packages/70/af/774c2e2b4f6570fbf6a4972161adbb183aeeaa1863bde31e8706f123bf92/pycryptodomex-3.23.0-cp313-cp313t-manylinux_2_17_aarch64.manylinux2014_aarch64.whl", hash = "sha256:6b8962204c47464d5c1c4038abeadd4514a133b28748bcd9fa5b6d62e3cec6fa", size = 2187643, upload-time = "2025-05-17T17:22:26.37Z" },
    { url = "https://files.pythonhosted.org/packages/de/a3/71065b24cb889d537954cedc3ae5466af00a2cabcff8e29b73be047e9a19/pycryptodomex-3.23.0-cp313-cp313t-manylinux_2_17_x86_64.manylinux2014_x86_64.whl", hash = "sha256:a33986a0066860f7fcf7c7bd2bc804fa90e434183645595ae7b33d01f3c91ed8", size = 2273762, upload-time = "2025-05-17T17:22:28.313Z" },
    { url = "https://files.pythonhosted.org/packages/c9/0b/ff6f43b7fbef4d302c8b981fe58467b8871902cdc3eb28896b52421422cc/pycryptodomex-3.23.0-cp313-cp313t-manylinux_2_5_i686.manylinux1_i686.manylinux_2_17_i686.manylinux2014_i686.whl", hash = "sha256:c7947ab8d589e3178da3d7cdeabe14f841b391e17046954f2fbcd941705762b5", size = 2313012, upload-time = "2025-05-17T17:22:30.57Z" },
    { url = "https://files.pythonhosted.org/packages/02/de/9d4772c0506ab6da10b41159493657105d3f8bb5c53615d19452afc6b315/pycryptodomex-3.23.0-cp313-cp313t-musllinux_1_2_aarch64.whl", hash = "sha256:c25e30a20e1b426e1f0fa00131c516f16e474204eee1139d1603e132acffc314", size = 2186856, upload-time = "2025-05-17T17:22:32.819Z" },
    { url = "https://files.pythonhosted.org/packages/28/ad/8b30efcd6341707a234e5eba5493700a17852ca1ac7a75daa7945fcf6427/pycryptodomex-3.23.0-cp313-cp313t-musllinux_1_2_i686.whl", hash = "sha256:da4fa650cef02db88c2b98acc5434461e027dce0ae8c22dd5a69013eaf510006", size = 2347523, upload-time = "2025-05-17T17:22:35.386Z" },
    { url = "https://files.pythonhosted.org/packages/0f/02/16868e9f655b7670dbb0ac4f2844145cbc42251f916fc35c414ad2359849/pycryptodomex-3.23.0-cp313-cp313t-musllinux_1_2_x86_64.whl", hash = "sha256:58b851b9effd0d072d4ca2e4542bf2a4abcf13c82a29fd2c93ce27ee2a2e9462", size = 2272825, upload-time = "2025-05-17T17:22:37.632Z" },
    { url = "https://files.pythonhosted.org/packages/ca/18/4ca89ac737230b52ac8ffaca42f9c6f1fd07c81a6cd821e91af79db60632/pycryptodomex-3.23.0-cp313-cp313t-win32.whl", hash = "sha256:a9d446e844f08299236780f2efa9898c818fe7e02f17263866b8550c7d5fb328", size = 1772078, upload-time = "2025-05-17T17:22:40Z" },
    { url = "https://files.pythonhosted.org/packages/73/34/13e01c322db027682e00986873eca803f11c56ade9ba5bbf3225841ea2d4/pycryptodomex-3.23.0-cp313-cp313t-win_amd64.whl", hash = "sha256:bc65bdd9fc8de7a35a74cab1c898cab391a4add33a8fe740bda00f5976ca4708", size = 1803656, upload-time = "2025-05-17T17:22:42.139Z" },
    { url = "https://files.pythonhosted.org/packages/54/68/9504c8796b1805d58f4425002bcca20f12880e6fa4dc2fc9a668705c7a08/pycryptodomex-3.23.0-cp313-cp313t-win_arm64.whl", hash = "sha256:c885da45e70139464f082018ac527fdaad26f1657a99ee13eecdce0f0ca24ab4", size = 1707172, upload-time = "2025-05-17T17:22:44.704Z" },
    { url = "https://files.pythonhosted.org/packages/dd/9c/1a8f35daa39784ed8adf93a694e7e5dc15c23c741bbda06e1d45f8979e9e/pycryptodomex-3.23.0-cp37-abi3-macosx_10_9_universal2.whl", hash = "sha256:06698f957fe1ab229a99ba2defeeae1c09af185baa909a31a5d1f9d42b1aaed6", size = 2499240, upload-time = "2025-05-17T17:22:46.953Z" },
    { url = "https://files.pythonhosted.org/packages/7a/62/f5221a191a97157d240cf6643747558759126c76ee92f29a3f4aee3197a5/pycryptodomex-3.23.0-cp37-abi3-macosx_10_9_x86_64.whl", hash = "sha256:b2c2537863eccef2d41061e82a881dcabb04944c5c06c5aa7110b577cc487545", size = 1644042, upload-time = "2025-05-17T17:22:49.098Z" },
    { url = "https://files.pythonhosted.org/packages/8c/fd/5a054543c8988d4ed7b612721d7e78a4b9bf36bc3c5ad45ef45c22d0060e/pycryptodomex-3.23.0-cp37-abi3-manylinux_2_17_aarch64.manylinux2014_aarch64.whl", hash = "sha256:43c446e2ba8df8889e0e16f02211c25b4934898384c1ec1ec04d7889c0333587", size = 2186227, upload-time = "2025-05-17T17:22:51.139Z" },
    { url = "https://files.pythonhosted.org/packages/c8/a9/8862616a85cf450d2822dbd4fff1fcaba90877907a6ff5bc2672cafe42f8/pycryptodomex-3.23.0-cp37-abi3-manylinux_2_17_x86_64.manylinux2014_x86_64.whl", hash = "sha256:f489c4765093fb60e2edafdf223397bc716491b2b69fe74367b70d6999257a5c", size = 2272578, upload-time = "2025-05-17T17:22:53.676Z" },
    { url = "https://files.pythonhosted.org/packages/46/9f/bda9c49a7c1842820de674ab36c79f4fbeeee03f8ff0e4f3546c3889076b/pycryptodomex-3.23.0-cp37-abi3-manylinux_2_5_i686.manylinux1_i686.manylinux_2_17_i686.manylinux2014_i686.whl", hash = "sha256:bdc69d0d3d989a1029df0eed67cc5e8e5d968f3724f4519bd03e0ec68df7543c", size = 2312166, upload-time = "2025-05-17T17:22:56.585Z" },
    { url = "https://files.pythonhosted.org/packages/03/cc/870b9bf8ca92866ca0186534801cf8d20554ad2a76ca959538041b7a7cf4/pycryptodomex-3.23.0-cp37-abi3-musllinux_1_2_aarch64.whl", hash = "sha256:6bbcb1dd0f646484939e142462d9e532482bc74475cecf9c4903d4e1cd21f003", size = 2185467, upload-time = "2025-05-17T17:22:59.237Z" },
    { url = "https://files.pythonhosted.org/packages/96/e3/ce9348236d8e669fea5dd82a90e86be48b9c341210f44e25443162aba187/pycryptodomex-3.23.0-cp37-abi3-musllinux_1_2_i686.whl", hash = "sha256:8a4fcd42ccb04c31268d1efeecfccfd1249612b4de6374205376b8f280321744", size = 2346104, upload-time = "2025-05-17T17:23:02.112Z" },
    { url = "https://files.pythonhosted.org/packages/a5/e9/e869bcee87beb89040263c416a8a50204f7f7a83ac11897646c9e71e0daf/pycryptodomex-3.23.0-cp37-abi3-musllinux_1_2_x86_64.whl", hash = "sha256:55ccbe27f049743a4caf4f4221b166560d3438d0b1e5ab929e07ae1702a4d6fd", size = 2271038, upload-time = "2025-05-17T17:23:04.872Z" },
    { url = "https://files.pythonhosted.org/packages/8d/67/09ee8500dd22614af5fbaa51a4aee6e342b5fa8aecf0a6cb9cbf52fa6d45/pycryptodomex-3.23.0-cp37-abi3-win32.whl", hash = "sha256:189afbc87f0b9f158386bf051f720e20fa6145975f1e76369303d0f31d1a8d7c", size = 1771969, upload-time = "2025-05-17T17:23:07.115Z" },
    { url = "https://files.pythonhosted.org/packages/69/96/11f36f71a865dd6df03716d33bd07a67e9d20f6b8d39820470b766af323c/pycryptodomex-3.23.0-cp37-abi3-win_amd64.whl", hash = "sha256:52e5ca58c3a0b0bd5e100a9fbc8015059b05cffc6c66ce9d98b4b45e023443b9", size = 1803124, upload-time = "2025-05-17T17:23:09.267Z" },
    { url = "https://files.pythonhosted.org/packages/f9/93/45c1cdcbeb182ccd2e144c693eaa097763b08b38cded279f0053ed53c553/pycryptodomex-3.23.0-cp37-abi3-win_arm64.whl", hash = "sha256:02d87b80778c171445d67e23d1caef279bf4b25c3597050ccd2e13970b57fd51", size = 1707161, upload-time = "2025-05-17T17:23:11.414Z" },
]

[[package]]
name = "pyserial"
version = "3.5"
source = { registry = "https://pypi.org/simple" }
sdist = { url = "https://files.pythonhosted.org/packages/1e/7d/ae3f0a63f41e4d2f6cb66a5b57197850f919f59e558159a4dd3a818f5082/pyserial-3.5.tar.gz", hash = "sha256:3c77e014170dfffbd816e6ffc205e9842efb10be9f58ec16d3e8675b4925cddb", size = 159125, upload-time = "2020-11-23T03:59:15.045Z" }
wheels = [
    { url = "https://files.pythonhosted.org/packages/07/bc/587a445451b253b285629263eb51c2d8e9bcea4fc97826266d186f96f558/pyserial-3.5-py2.py3-none-any.whl", hash = "sha256:c4451db6ba391ca6ca299fb3ec7bae67a5c55dde170964c7a14ceefec02f2cf0", size = 90585, upload-time = "2020-11-23T03:59:13.41Z" },
]

[[package]]
name = "pyside6"
version = "6.11.2"
source = { registry = "https://pypi.org/simple" }
dependencies = [
    { name = "pyside6-addons" },
    { name = "pyside6-essentials" },
    { name = "shiboken6" },
]
wheels = [
    { url = "https://files.pythonhosted.org/packages/ae/b5/99ff75f604d69eda1c5d1fe85cc43fb697d95eabc30ba86af099c2ddcd96/pyside6-6.11.2-cp310-abi3-macosx_13_0_universal2.whl", hash = "sha256:13a3c79816879d9743672a669f1988f74459a78f89a97a2624fae4fe059ffa3a", size = 571875, upload-time = "2026-08-18T06:37:27.794Z" },
    { url = "https://files.pythonhosted.org/packages/b2/fe/968844def58150a41568b505edca0d68df6901b20ea4222ccb0c069cc703/pyside6-6.11.2-cp310-abi3-manylinux_2_34_x86_64.whl", hash = "sha256:dc6d03990489a5085842770718392ef5de36352d8f608d9a9fe03e60af4d7b66", size = 572120, upload-time = "2026-08-18T06:37:30.298Z" },
    { url = "https://files.pythonhosted.org/packages/5e/5c/f4ecc6defaec645e5ac3ca2f99e3da286a28d1c647c2d10b584e0392b94c/pyside6-6.11.2-cp310-abi3-manylinux_2_39_aarch64.whl", hash = "sha256:57fe867a6c93821a085d74e8a26f863fc2363516848181c466032595b33b1729", size = 572121, upload-time = "2026-08-18T06:37:32.383Z" },
    { url = "https://files.pythonhosted.org/packages/94/fe/4aea9d30300fff4cda9bb729c1363b9e1095a8544e0d6b57065465e16599/pyside6-6.11.2-cp310-abi3-win_amd64.whl", hash = "sha256:3201d67e3c10be2eaedd3910ff0f02351eca7e88c95a291cde5e7f2f55ef207f", size = 578382, upload-time = "2026-08-18T06:37:34.385Z" },
    { url = "https://files.pythonhosted.org/packages/26/b0/8e2fb01e9ee15ad29fe10d0dd2d37f503e4aa3714c9fbb07aca380618de7/pyside6-6.11.2-cp310-abi3-win_arm64.whl", hash = "sha256:0444ac71d0791a19bded35f6d9a94515941f23a6eb7098ca45a1b64a338be697", size = 561768, upload-time = "2026-08-18T06:37:36.437Z" },
]

[[package]]
name = "pyside6-addons"
version = "6.11.2"
source = { registry = "https://pypi.org/simple" }
dependencies = [
    { name = "pyside6-essentials" },
    { name = "shiboken6" },
]
wheels = [
    { url = "https://files.pythonhosted.org/packages/e3/91/339fe9f7c94163815004ccd6b5c58b926b2dfb4e51c3b5563d412eab151f/pyside6_addons-6.11.2-cp310-abi3-macosx_13_0_universal2.whl", hash = "sha256:354c574a839f7d0751960ba03f33bec87c95e0f2796dca3287f54d03abe97dac", size = 332047075, upload-time = "2026-08-18T06:35:33.037Z" },
    { url = "https://files.pythonhosted.org/packages/28/cd/ce470e20f68901f4dfa5f742d6a3a58ba865684a232e4b87d5a1a2179cc0/pyside6_addons-6.11.2-cp310-abi3-manylinux_2_34_x86_64.whl", hash = "sha256:a8b00956925fbdeffc7052cf933506391289f35ac4f3f71a0a167ec195cd47b4", size = 175062576, upload-time = "2026-08-18T06:35:45.583Z" },
    { url = "https://files.pythonhosted.org/packages/11/bd/f725a8984703612c72cd17d0871d047132bacaccc13fc0d288a5e8a37dad/pyside6_addons-6.11.2-cp310-abi3-manylinux_2_39_aarch64.whl", hash = "sha256:a2ca3c73e5f060d4aca49451abd9fba68dd0e1c66ff40cea3a1fe0415def579a", size = 170827254, upload-time = "2026-08-18T06:35:56.675Z" },
    { url = "https://files.pythonhosted.org/packages/fb/c1/08bf6594101b42fc88834009f1dac59a983c5b6805c62c5081f077d09b4a/pyside6_addons-6.11.2-cp310-abi3-win_amd64.whl", hash = "sha256:f449ea4431da20e7b86752cca8d166f93434516fe417f981c27e5f8e1b554407", size = 168208836, upload-time = "2026-08-18T06:36:07.295Z" },
    { url = "https://files.pythonhosted.org/packages/26/60/e4b7f09343e9f29e565f488fb44c4f1fe260db481ba2c08ad8a1a7d48216/pyside6_addons-6.11.2-cp310-abi3-win_arm64.whl", hash = "sha256:d5606af369484b862b4d5741cfc179e19d2b8819c3e04d210b8188e0c9f85988", size = 35807245, upload-time = "2026-08-18T06:36:12.485Z" },
]

[[package]]
name = "pyside6-essentials"
version = "6.11.2"
source = { registry = "https://pypi.org/simple" }
dependencies = [
    { name = "shiboken6" },
]
wheels = [
    { url = "https://files.pythonhosted.org/packages/6f/16/0b7ecf89ebada82ed0430be33809ff325761ece83104f8635b1bd101fcd0/pyside6_essentials-6.11.2-cp310-abi3-macosx_13_0_universal2.whl", hash = "sha256:77795c145202e65a78d88f7cd409d186e3ba23d159bdb3ba2dcd159ae5e5f0d9", size = 110800753, upload-time = "2026-08-18T06:36:33.674Z" },
    { url = "https://files.pythonhosted.org/packages/0e/1a/84a84bbc75835ee88abdcb66eb875b8e1a21834af9b833bc1893f2c1bfaf/pyside6_essentials-6.11.2-cp310-abi3-manylinux_2_34_x86_64.whl", hash = "sha256:aaf9f25f0f324874085fa5b26a610318db8a8e243cf85bb3e5400595191c7778", size = 80108947, upload-time = "2026-08-18T06:36:40.637Z" },
    { url = "https://files.pythonhosted.org/packages/60/4c/d92b08a2151d095b9a3725fa0e71b215ec686d40bbd5d8b702d21a9b5eaa/pyside6_essentials-6.11.2-cp310-abi3-manylinux_2_39_aarch64.whl", hash = "sha256:d3ec6e1885c46e57f16364f38ea8040ffc5dc0b18341058f608fede3ba930567", size = 79575497, upload-time = "2026-08-18T06:36:46.97Z" },
    { url = "https://files.pythonhosted.org/packages/dc/09/d2662684aee4d3f027ff9b1e965f22301bc28ffc5b7f167658508e4475dc/pyside6_essentials-6.11.2-cp310-abi3-win_amd64.whl", hash = "sha256:c8a29def77032773a30879f7f24415b5395ad08592d147c170824ef4c735dfc1", size = 76913043, upload-time = "2026-08-18T06:36:54.038Z" },
    { url = "https://files.pythonhosted.org/packages/cd/87/4dd2a6468cea600da1fcf9c7f02bc248eeaa98cdc75658e48e669d95326a/pyside6_essentials-6.11.2-cp310-abi3-win_arm64.whl", hash = "sha256:fadd75c5c20800d64dd0a586ea8cb337c5e630aa2246df0e5105738afa46e02c", size = 58125520, upload-time = "2026-08-18T06:36:59.073Z" },
]

[[package]]
name = "pyusb"
version = "1.3.1"
source = { registry = "https://pypi.org/simple" }
sdist = { url = "https://files.pythonhosted.org/packages/00/6b/ce3727395e52b7b76dfcf0c665e37d223b680b9becc60710d4bc08b7b7cb/pyusb-1.3.1.tar.gz", hash = "sha256:3af070b607467c1c164f49d5b0caabe8ac78dbed9298d703a8dbf9df4052d17e", size = 77281, upload-time = "2025-01-08T23:45:01.866Z" }
wheels = [
    { url = "https://files.pythonhosted.org/packages/28/b8/27e6312e86408a44fe16bd28ee12dd98608b39f7e7e57884a24e8f29b573/pyusb-1.3.1-py3-none-any.whl", hash = "sha256:bf9b754557af4717fe80c2b07cc2b923a9151f5c08d17bdb5345dac09d6a0430", size = 58465, upload-time = "2025-01-08T23:45:00.029Z" },
]

[[package]]
name = "setuptools"
version = "84.0.0"
source = { registry = "https://pypi.org/simple" }
sdist = { url = "https://files.pythonhosted.org/packages/6d/44/f5da03a8ef95d369145c5bb53050e7877c9f3d312e128605fd9504829143/setuptools-84.0.0.tar.gz", hash = "sha256:f4695c21257f0d9b537ec2692c941d02ee143b7cc1276941349a546573b2ef73", size = 1168449, upload-time = "2026-08-08T18:27:58.365Z" }
wheels = [
    { url = "https://files.pythonhosted.org/packages/95/9c/c510029fc6ef33a6275cd2c5d3cecd6613dfd6aa401d57c54f1c18852ccf/setuptools-84.0.0-py3-none-any.whl", hash = "sha256:51a52592b3b99e102b609654876bd65f19f999935166d1352678931132b0c670", size = 818216, upload-time = "2026-08-08T18:27:56.719Z" },
]

[[package]]
name = "shiboken6"
version = "6.11.2"
source = { registry = "https://pypi.org/simple" }
wheels = [
    { url = "https://files.pythonhosted.org/packages/47/44/11bf71c36e71936ab4e923e5dd23599dab527c4488b01860b0f689ce9947/shiboken6-6.11.2-cp310-abi3-macosx_13_0_universal2.whl", hash = "sha256:53659683b1f7a08e9f87eff9b1065f1ceb7110cd7a4bc09fdf5efe43d286604d", size = 476674, upload-time = "2026-08-18T06:37:11.526Z" },
    { url = "https://files.pythonhosted.org/packages/a5/9a/f41bea4316d0c1bec4800842dcb4bd8fd3e29d6a79c496bc32e1aec42583/shiboken6-6.11.2-cp310-abi3-manylinux_2_34_x86_64.whl", hash = "sha256:7a7a0a72a9ed26c9bf77d42246b1c736486befb8f31aa2fb29957ea4cdd1c1c2", size = 272435, upload-time = "2026-08-18T06:37:13.397Z" },
    { url = "https://files.pythonhosted.org/packages/56/05/79ed0697515d4fc7435459e4ed4c4a3b5621a55b7c91d0f3f2cc3d617aa0/shiboken6-6.11.2-cp310-abi3-manylinux_2_39_aarch64.whl", hash = "sha256:4bbbd6fa4d7cff5ec5e12bc4c10e1d845fa30c89457ecb13cc64f7bddb77f6f9", size = 270668, upload-time = "2026-08-18T06:37:15.025Z" },
    { url = "https://files.pythonhosted.org/packages/ce/6b/fee1b4814317e4664e318644c9c007676c65a71e5b2b9d3ac4121a94dc0a/shiboken6-6.11.2-cp310-abi3-win_amd64.whl", hash = "sha256:6ab0eba1c904455df621f9a6df3ca2bb896bab8670572d2bc4e37804ae91f19a", size = 1226578, upload-time = "2026-08-18T06:37:18.002Z" },
    { url = "https://files.pythonhosted.org/packages/4d/b5/80c4e5aafeb8ac777cf5a1becfe87ac7197c35051df00b5f7819787e09d5/shiboken6-6.11.2-cp310-abi3-win_arm64.whl", hash = "sha256:97c49432488df958f0308736f3d15b6915d8826fc380af17bb4b9ec5c4a5e81b", size = 1784669, upload-time = "2026-08-18T06:37:21.046Z" },
]

[[package]]
name = "smart-clock"
version = "0.1.0"
source = { virtual = "." }
dependencies = [
    { name = "capstone" },
    { name = "keystone-engine" },
    { name = "mtkclient" },
    { name = "setuptools" },
    { name = "unicorn" },
]

[package.metadata]
requires-dist = [
    { name = "capstone", specifier = ">=5.0.9" },
    { name = "keystone-engine", specifier = ">=0.9.2" },
    { name = "mtkclient", git = "https://github.com/bkerler/mtkclient?rev=cd25cf9c1ff6d36e82697ac2c798e69e9cfb78c3" },
    { name = "setuptools", specifier = ">=84.0.0" },
    { name = "unicorn", specifier = ">=2.1.4" },
]

[[package]]
name = "unicorn"
version = "2.1.4"
source = { registry = "https://pypi.org/simple" }
sdist = { url = "https://files.pythonhosted.org/packages/b2/1b/b4248aa8422e86de690cf8e85cf8feae4c33405a097d1ebe71570bdaa6f5/unicorn-2.1.4.tar.gz", hash = "sha256:00567a70e323f749b419cd86bee4f9115beab7ebba32194581c090cbb7c59cff", size = 2900334, upload-time = "2025-09-09T17:10:48.026Z" }
wheels = [
    { url = "https://files.pythonhosted.org/packages/c8/a7/92b47771e2107a201632a199cec91e8a81ee8a071ca6b7e7d600d8c61ac9/unicorn-2.1.4-cp37-abi3-macosx_10_9_x86_64.whl", hash = "sha256:2a6f738fab5fabffa56af1e7bbf16ea1e91466c342f8dc64f125bd70f36c6b80", size = 12958220, upload-time = "2025-09-09T17:10:04.86Z" },
    { url = "https://files.pythonhosted.org/packages/6c/ae/4943c6f8524d729ec7d5e69df6407ea05d710fe77471d91cecf3fc64eb57/unicorn-2.1.4-cp37-abi3-macosx_11_0_arm64.whl", hash = "sha256:d6c93e0f60328d8f4a1792af3f834137a28050fcc2305f2ec01efe8558a9844e", size = 12142730, upload-time = "2025-09-09T17:10:07.48Z" },
    { url = "https://files.pythonhosted.org/packages/33/9f/32d41eb942221bcf4417cdc65537fc8b3bbbd6079d6c161e621f1dd4e94a/unicorn-2.1.4-cp37-abi3-manylinux_2_17_aarch64.manylinux2014_aarch64.whl", hash = "sha256:bd1fb0c9af5f57e356d8a96928b4fe045b2e18f308ef23b481d5f970008aa722", size = 15372569, upload-time = "2025-09-09T17:10:09.765Z" },
    { url = "https://files.pythonhosted.org/packages/5f/7f/83161916dedff22ddb187bd2751150a1bc53c88b7c1a8d6fa1cc9e144c64/unicorn-2.1.4-cp37-abi3-manylinux_2_17_i686.manylinux2014_i686.whl", hash = "sha256:8f4e63b76ac4faa7cd32a4c436e96eabc24b91d52e73bde7699ec886bddf9277", size = 19842875, upload-time = "2025-09-09T17:10:11.795Z" },
    { url = "https://files.pythonhosted.org/packages/e7/df/ded5e3684c2d7600b30cc8a7530277b8cb36644a1a9d34cade7ebb45604c/unicorn-2.1.4-cp37-abi3-manylinux_2_17_x86_64.manylinux2014_x86_64.whl", hash = "sha256:9d6e6dea140560de4ebd8446661f7ef84a357d428c14a3ef09dacd306ec8c239", size = 16436886, upload-time = "2025-09-09T17:10:14.079Z" },
    { url = "https://files.pythonhosted.org/packages/70/38/ba5a051c844026e59ab6e0017db8cec77dbe20ab5f1d6edae1ce9d885b06/unicorn-2.1.4-cp37-abi3-musllinux_1_2_aarch64.whl", hash = "sha256:01d744ba01c5cc68f1d7afe3d183f1868720fd440ec4eaedc4d1d5d9bf54b84c", size = 16089431, upload-time = "2025-09-09T17:10:16.557Z" },
    { url = "https://files.pythonhosted.org/packages/35/07/0b2fb9d2a462066aa24b7d18b463300df79cc4eaa471379f8af7d216261c/unicorn-2.1.4-cp37-abi3-musllinux_1_2_i686.whl", hash = "sha256:ce5c3bfd05f2a5749a0d8a960e1dfc26519a2d09377dc01cfa1378b936a953f8", size = 20531342, upload-time = "2025-09-09T17:10:19.008Z" },
    { url = "https://files.pythonhosted.org/packages/ed/4b/4628ccb20eb3ad1af400de8181d1f4e5c1a3fc2affa1b3410c1b2d71af36/unicorn-2.1.4-cp37-abi3-musllinux_1_2_x86_64.whl", hash = "sha256:d348a90ee90219d141cb115ef8ed7e3fd1af42afaee105f7580761d775b25e32", size = 16925029, upload-time = "2025-09-09T17:10:21.089Z" },
    { url = "https://files.pythonhosted.org/packages/08/23/6ae96f8efa8ede707cc67d18d76a08de498bd818483cf8211baf855eabb2/unicorn-2.1.4-cp37-abi3-win32.whl", hash = "sha256:9be89e69be5e2631299f39a7fb8e47b8d3bfaa70ae746e9c4c5f9476a2df9778", size = 11798091, upload-time = "2025-09-09T17:10:23.477Z" },
    { url = "https://files.pythonhosted.org/packages/70/3d/de7be9bd1addabe6d8a1369381f8a080400c349850e978689c5e18287957/unicorn-2.1.4-cp37-abi3-win_amd64.whl", hash = "sha256:d7107500c64ce5c168fbff6bef9485b5db1350050036f4cea568650cf8bdbdf5", size = 15943079, upload-time = "2025-09-09T17:10:25.265Z" },
]
